
Microsoft Visual Studio Solution File, Format Version 12.00
# Visual Studio 15
Project("{FAE04EC0-301F-11D3-BF4B-00C04F79EFBC}") = "Assembly-CSharp", "Assembly-CSharp.csproj", "{92F8CC37-6D37-81BD-2B40-3AE2B0E1D08B}"
EndProject
Project("{FAE04EC0-301F-11D3-BF4B-00C04F79EFBC}") = "Assembly-CSharp-Editor", "Assembly-CSharp-Editor.csproj", "{616D0D9E-D648-A219-6789-08CD12F56E63}"
EndProject
Global
	GlobalSection(SolutionConfigurationPlatforms) = preSolution
		Debug|Any CPU = Debug|Any CPU
		Release|Any CPU = Release|Any CPU
	EndGlobalSection
	GlobalSection(ProjectConfigurationPlatforms) = postSolution
		{92F8CC37-6D37-81BD-2B40-3AE2B0E1D08B}.Debug|Any CPU.ActiveCfg = Debug|Any CPU
		{92F8CC37-6D37-81BD-2B40-3AE2B0E1D08B}.Debug|Any CPU.Build.0 = Debug|Any CPU
		{92F8CC37-6D37-81BD-2B40-3AE2B0E1D08B}.Release|Any CPU.ActiveCfg = Release|Any CPU
		{92F8CC37-6D37-81BD-2B40-3AE2B0E1D08B}.Release|Any CPU.Build.0 = Release|Any CPU
		{616D0D9E-D648-A219-6789-08CD12F56E63}.Debug|Any CPU.ActiveCfg = Debug|Any CPU
		{616D0D9E-D648-A219-6789-08CD12F56E63}.Debug|Any CPU.Build.0 = Debug|Any CPU
		{616D0D9E-D648-A219-6789-08CD12F56E63}.Release|Any CPU.ActiveCfg = Release|Any CPU
		{616D0D9E-D648-A219-6789-08CD12F56E63}.Release|Any CPU.Build.0 = Release|Any CPU
	EndGlobalSection
	GlobalSection(SolutionProperties) = preSolution
		HideSolutionNode = FALSE
	EndGlobalSection
EndGlobal
